// !$*UTF8*$!
{
	archiveVersion = 1;
	classes = {
	};
	objectVersion = 56;
	objects = {

		/* Build file: GangnamOnApp.swift */
		A10000000000000000000001 = { isa = PBXBuildFile; fileRef = A10000000000000000000002; };
		A10000000000000000000003 = { isa = PBXBuildFile; fileRef = A10000000000000000000004; };
		/* File refs */
		A10000000000000000000002 = { isa = PBXFileReference; lastKnownFileType = sourcecode.swift; path = GangnamOnApp.swift; sourceTree = "<group>"; };
		A10000000000000000000004 = { isa = PBXFileReference; lastKnownFileType = sourcecode.swift; path = ContentView.swift; sourceTree = "<group>"; };
		A10000000000000000000006 = { isa = PBXFileReference; lastKnownFileType = text.plist.xml; path = Info.plist; sourceTree = "<group>"; };
		A10000000000000000000007 = { isa = PBXFileReference; explicitFileType = wrapper.application; includeInIndex = 0; path = GangnamOn.app; sourceTree = BUILT_PRODUCTS_DIR; };

		/* GangnamOn group */
		A10000000000000000000008 = {
			isa = PBXGroup;
			children = (
				A10000000000000000000002,
				A10000000000000000000004,
				A10000000000000000000006,
			);
			path = GangnamOn;
			sourceTree = "<group>";
		};

		/* Products */
		A10000000000000000000009 = {
			isa = PBXGroup;
			children = ( A10000000000000000000007 );
			name = Products;
			sourceTree = "<group>";
		};

		A1000000000000000000000A = {
			isa = PBXGroup;
			children = ( A10000000000000000000008, A10000000000000000000009 );
			sourceTree = "<group>";
		};

		/* PBXNativeTarget */
		A1000000000000000000000B = {
			isa = PBXNativeTarget;
			buildConfigurationList = A1000000000000000000000C;
			buildPhases = ( A1000000000000000000000D, A1000000000000000000000E );
			buildRules = ();
			dependencies = ();
			name = GangnamOn;
			productName = GangnamOn;
			productReference = A10000000000000000000007;
			productType = "com.apple.product-type.application";
		};

		/* Sources build phase */
		A1000000000000000000000D = {
			isa = PBXSourcesBuildPhase;
			buildActionMask = 2147483647;
			files = ( A10000000000000000000001, A10000000000000000000003 );
			runOnlyForDeploymentPostprocessing = 0;
			sourceTree = "<group>";
		};

		/* Resources build phase */
		A1000000000000000000000E = {
			isa = PBXResourcesBuildPhase;
			buildActionMask = 2147483647;
			files = ();
			runOnlyForDeploymentPostprocessing = 0;
			sourceTree = "<group>";
		};

		/* Build configuration list - project */
		A1000000000000000000000F = {
			isa = XCConfigurationList;
			buildConfigurations = ( A10000000000000000000010, A10000000000000000000011 );
			defaultConfigurationIsVisible = 0;
			defaultConfigurationName = Release;
		};

		A10000000000000000000010 = {
			isa = XCBuildConfiguration;
			buildSettings = {
				ALWAYS_SEARCH_USER_PATHS = NO;
				CLANG_ANALYZER_NONNULL = YES;
				CLANG_ANALYZER_NUMBER_OBJECT_CONVERSION = YES_AGGRESSIVE;
				CLANG_CXX_LANGUAGE_STANDARD = "gnu++20";
				CLANG_ENABLE_MODULES = YES;
				CLANG_ENABLE_OBJC_ARC = YES;
				CODE_SIGN_STYLE = Automatic;
				COPY_PHASE_STRIP = NO;
				DEBUG_INFORMATION_FORMAT = dwarf;
				ENABLE_STRICT_OBJC_MSGSEND = YES;
				ENABLE_TESTABILITY = YES;
				GCC_C_LANGUAGE_STANDARD = gnu11;
				GCC_DYNAMIC_NO_PIC = NO;
				GCC_OPTIMIZATION_LEVEL = 0;
				GCC_PREPROCESSOR_DEFINITIONS = ( "DEBUG=1", "$(inherited)" );
				IPHONEOS_DEPLOYMENT_TARGET = 15.0;
				MTL_ENABLE_DEBUG_INFO = INCLUDE_SOURCE;
				MTL_FAST_MATH = YES;
				ONLY_ACTIVE_ARCH = YES;
				SDKROOT = iphoneos;
				SWIFT_ACTIVE_COMPILATION_CONDITIONS = DEBUG;
				SWIFT_OPTIMIZATION_LEVEL = "-Onone";
				TARGETED_DEVICE_FAMILY = "1,2";
			};
			name = Debug;
		};

		A10000000000000000000011 = {
			isa = XCBuildConfiguration;
			buildSettings = {
				ALWAYS_SEARCH_USER_PATHS = NO;
				CLANG_ANALYZER_NONNULL = YES;
				CLANG_ANALYZER_NUMBER_OBJECT_CONVERSION = YES_AGGRESSIVE;
				CLANG_CXX_LANGUAGE_STANDARD = "gnu++20";
				CLANG_ENABLE_MODULES = YES;
				CLANG_ENABLE_OBJC_ARC = YES;
				CODE_SIGN_STYLE = Automatic;
				COPY_PHASE_STRIP = NO;
				DEBUG_INFORMATION_FORMAT = "dwarf-with-dsym";
				ENABLE_NS_ASSERTIONS = NO;
				ENABLE_STRICT_OBJC_MSGSEND = YES;
				GCC_C_LANGUAGE_STANDARD = gnu11;
				GCC_WITH_CPP_OPTIMIZATION = YES;
				IPHONEOS_DEPLOYMENT_TARGET = 15.0;
				MTL_ENABLE_DEBUG_INFO = NO;
				MTL_FAST_MATH = YES;
				SDKROOT = iphoneos;
				SWIFT_COMPILATION_MODE = wholemodule;
				TARGETED_DEVICE_FAMILY = "1,2";
				VALIDATE_PRODUCT = YES;
			};
			name = Release;
		};

		/* Target build config list */
		A1000000000000000000000C = {
			isa = XCConfigurationList;
			buildConfigurations = ( A10000000000000000000012, A10000000000000000000013 );
			defaultConfigurationIsVisible = 0;
			defaultConfigurationName = Release;
		};

		A10000000000000000000012 = {
			isa = XCBuildConfiguration;
			buildSettings = {
				ASSETCATALOG_COMPILER_APPICON_NAME = AppIcon;
				ASSETCATALOG_COMPILER_GLOBAL_ACCENT_COLOR_NAME = AccentColor;
				CODE_SIGN_STYLE = Automatic;
				CURRENT_PROJECT_VERSION = 1;
				DEVELOPMENT_TEAM = "";
				ENABLE_PREVIEWS = YES;
				GENERATE_INFOPLIST_FILE = NO;
				INFOPLIST_FILE = GangnamOn/Info.plist;
				INFOPLIST_KEY_UIApplicationSupportsIndirectInputEvents = YES;
				LD_RUNPATH_SEARCH_PATHS = ( "$(inherited)", "@executable_path/Frameworks" );
				MARKETING_VERSION = 1.0.0;
				PRODUCT_BUNDLE_IDENTIFIER = com.gangnamon.app;
				PRODUCT_NAME = "$(TARGET_NAME)";
				SWIFT_EMIT_LOC_STRINGS = YES;
				SWIFT_VERSION = 5.0;
				TARGETED_DEVICE_FAMILY = "1,2";
			};
			name = Debug;
		};

		A10000000000000000000013 = {
			isa = XCBuildConfiguration;
			buildSettings = {
				ASSETCATALOG_COMPILER_APPICON_NAME = AppIcon;
				ASSETCATALOG_COMPILER_GLOBAL_ACCENT_COLOR_NAME = AccentColor;
				CODE_SIGN_STYLE = Automatic;
				CURRENT_PROJECT_VERSION = 1;
				DEVELOPMENT_TEAM = "";
				ENABLE_PREVIEWS = YES;
				GENERATE_INFOPLIST_FILE = NO;
				INFOPLIST_FILE = GangnamOn/Info.plist;
				INFOPLIST_KEY_UIApplicationSupportsIndirectInputEvents = YES;
				LD_RUNPATH_SEARCH_PATHS = ( "$(inherited)", "@executable_path/Frameworks" );
				MARKETING_VERSION = 1.0.0;
				PRODUCT_BUNDLE_IDENTIFIER = com.gangnamon.app;
				PRODUCT_NAME = "$(TARGET_NAME)";
				SWIFT_EMIT_LOC_STRINGS = YES;
				SWIFT_VERSION = 5.0;
				TARGETED_DEVICE_FAMILY = "1,2";
			};
			name = Release;
		};
	};
	rootObject = A10000000000000000000014;
	A10000000000000000000014 = {
		isa = PBXProject;
		attributes = { BuildIndependentTargetsInParallel = 1; LastSwiftUpdateCheck = 1500; LastUpgradeCheck = 1500; };
		buildConfigurationList = A1000000000000000000000F;
		compatibilityVersion = "Xcode 14.0";
		developmentRegion = en;
		hasScannedForEncodings = 0;
		knownRegions = ( en, Base, ko );
		mainGroup = A1000000000000000000000A;
		productRefGroup = A10000000000000000000009;
		projectDirPath = "";
		projectRoot = "";
		targets = ( A1000000000000000000000B );
	};
}
